
Microsoft Visual Studio Solution File, Format Version 12.00
# Visual Studio Version 17
VisualStudioVersion = 17.0.31919.166
MinimumVisualStudioVersion = 10.0.40219.1
Project("{FAE04EC0-301F-11D3-BF4B-00C04F79EFBC}") = "Desafio Supervisionado IMC", "Desafio Supervisionado IMC\Desafio Supervisionado IMC.csproj", "{BA40E27F-0FA6-41C2-9B5B-8C71C5E32ABD}"
EndProject
Global
	GlobalSection(SolutionConfigurationPlatforms) = preSolution
		Debug|Any CPU = Debug|Any CPU
		Release|Any CPU = Release|Any CPU
	EndGlobalSection
	GlobalSection(ProjectConfigurationPlatforms) = postSolution
		{BA40E27F-0FA6-41C2-9B5B-8C71C5E32ABD}.Debug|Any CPU.ActiveCfg = Debug|Any CPU
		{BA40E27F-0FA6-41C2-9B5B-8C71C5E32ABD}.Debug|Any CPU.Build.0 = Debug|Any CPU
		{BA40E27F-0FA6-41C2-9B5B-8C71C5E32ABD}.Release|Any CPU.ActiveCfg = Release|Any CPU
		{BA40E27F-0FA6-41C2-9B5B-8C71C5E32ABD}.Release|Any CPU.Build.0 = Release|Any CPU
	EndGlobalSection
	GlobalSection(SolutionProperties) = preSolution
		HideSolutionNode = FALSE
	EndGlobalSection
	GlobalSection(ExtensibilityGlobals) = postSolution
		SolutionGuid = {413B162B-570B-40AC-AF3D-7DB0E3D61A43}
	EndGlobalSection
EndGlobal
